// !$*UTF8*$!
{
	archiveVersion = 1;
	classes = {
	};
	objectVersion = 56;
	objects = {

/* Begin PBXBuildFile section */
		B83969E32A16373A00E77ACE /* Constants.swift in Sources */ = {isa = PBXBuildFile; fileRef = B83969E22A16373A00E77ACE /* Constants.swift */; };
		B83969E52A163C2D00E77ACE /* Ext+UIColor.swift in Sources */ = {isa = PBXBuildFile; fileRef = B83969E42A163C2D00E77ACE /* Ext+UIColor.swift */; };
		B83969E72A163D9A00E77ACE /* NavigationAndTabBarHelper.swift in Sources */ = {isa = PBXBuildFile; fileRef = B83969E62A163D9A00E77ACE /* NavigationAndTabBarHelper.swift */; };
		B83C58302A13CBCE0077BAD8 /* AppDelegate.swift in Sources */ = {isa = PBXBuildFile; fileRef = B83C582F2A13CBCE0077BAD8 /* AppDelegate.swift */; };
		B83C58322A13CBCE0077BAD8 /* SceneDelegate.swift in Sources */ = {isa = PBXBuildFile; fileRef = B83C58312A13CBCE0077BAD8 /* SceneDelegate.swift */; };
		B83C583A2A13CBCE0077BAD8 /* SelectionApp.xcdatamodeld in Sources */ = {isa = PBXBuildFile; fileRef = B83C58382A13CBCE0077BAD8 /* SelectionApp.xcdatamodeld */; };
		B83C583C2A13CBD00077BAD8 /* Assets.xcassets in Resources */ = {isa = PBXBuildFile; fileRef = B83C583B2A13CBD00077BAD8 /* Assets.xcassets */; };
		B83C583F2A13CBD00077BAD8 /* LaunchScreen.storyboard in Resources */ = {isa = PBXBuildFile; fileRef = B83C583D2A13CBD00077BAD8 /* LaunchScreen.storyboard */; };
		B83C58482A13CC540077BAD8 /* Chest+CoreDataClass.swift in Sources */ = {isa = PBXBuildFile; fileRef = B83C58462A13CC540077BAD8 /* Chest+CoreDataClass.swift */; };
		B83C58492A13CC540077BAD8 /* Chest+CoreDataProperties.swift in Sources */ = {isa = PBXBuildFile; fileRef = B83C58472A13CC540077BAD8 /* Chest+CoreDataProperties.swift */; };
		B83C584B2A13CC850077BAD8 /* Ext+UIView.swift in Sources */ = {isa = PBXBuildFile; fileRef = B83C584A2A13CC850077BAD8 /* Ext+UIView.swift */; };
		B83C584D2A13CCA40077BAD8 /* SandıkCell.swift in Sources */ = {isa = PBXBuildFile; fileRef = B83C584C2A13CCA40077BAD8 /* SandıkCell.swift */; };
		B83C58522A13CD130077BAD8 /* SandiklarVC.swift in Sources */ = {isa = PBXBuildFile; fileRef = B83C58512A13CD130077BAD8 /* SandiklarVC.swift */; };
		B83C58542A13CE6F0077BAD8 /* SandikVC.swift in Sources */ = {isa = PBXBuildFile; fileRef = B83C58532A13CE6F0077BAD8 /* SandikVC.swift */; };
		B83C58562A13EC840077BAD8 /* DenetimVC.swift in Sources */ = {isa = PBXBuildFile; fileRef = B83C58552A13EC840077BAD8 /* DenetimVC.swift */; };
		B83C585F2A142BC10077BAD8 /* DataManager.swift in Sources */ = {isa = PBXBuildFile; fileRef = B83C585E2A142BC10077BAD8 /* DataManager.swift */; };
/* End PBXBuildFile section */

/* Begin PBXFileReference section */
		B83969E22A16373A00E77ACE /* Constants.swift */ = {isa = PBXFileReference; lastKnownFileType = sourcecode.swift; path = Constants.swift; sourceTree = "<group>"; };
		B83969E42A163C2D00E77ACE /* Ext+UIColor.swift */ = {isa = PBXFileReference; lastKnownFileType = sourcecode.swift; path = "Ext+UIColor.swift"; sourceTree = "<group>"; };
		B83969E62A163D9A00E77ACE /* NavigationAndTabBarHelper.swift */ = {isa = PBXFileReference; lastKnownFileType = sourcecode.swift; path = NavigationAndTabBarHelper.swift; sourceTree = "<group>"; };
		B83C582C2A13CBCE0077BAD8 /* 28Mayıs.app */ = {isa = PBXFileReference; explicitFileType = wrapper.application; includeInIndex = 0; path = "28Mayıs.app"; sourceTree = BUILT_PRODUCTS_DIR; };
		B83C582F2A13CBCE0077BAD8 /* AppDelegate.swift */ = {isa = PBXFileReference; lastKnownFileType = sourcecode.swift; path = AppDelegate.swift; sourceTree = "<group>"; };
		B83C58312A13CBCE0077BAD8 /* SceneDelegate.swift */ = {isa = PBXFileReference; lastKnownFileType = sourcecode.swift; path = SceneDelegate.swift; sourceTree = "<group>"; };
		B83C58392A13CBCE0077BAD8 /* SelectionApp.xcdatamodel */ = {isa = PBXFileReference; lastKnownFileType = wrapper.xcdatamodel; path = SelectionApp.xcdatamodel; sourceTree = "<group>"; };
		B83C583B2A13CBD00077BAD8 /* Assets.xcassets */ = {isa = PBXFileReference; lastKnownFileType = folder.assetcatalog; path = Assets.xcassets; sourceTree = "<group>"; };
		B83C583E2A13CBD00077BAD8 /* Base */ = {isa = PBXFileReference; lastKnownFileType = file.storyboard; name = Base; path = Base.lproj/LaunchScreen.storyboard; sourceTree = "<group>"; };
		B83C58402A13CBD00077BAD8 /* Info.plist */ = {isa = PBXFileReference; lastKnownFileType = text.plist.xml; path = Info.plist; sourceTree = "<group>"; };
		B83C58462A13CC540077BAD8 /* Chest+CoreDataClass.swift */ = {isa = PBXFileReference; lastKnownFileType = sourcecode.swift; path = "Chest+CoreDataClass.swift"; sourceTree = "<group>"; };
		B83C58472A13CC540077BAD8 /* Chest+CoreDataProperties.swift */ = {isa = PBXFileReference; lastKnownFileType = sourcecode.swift; path = "Chest+CoreDataProperties.swift"; sourceTree = "<group>"; };
		B83C584A2A13CC850077BAD8 /* Ext+UIView.swift */ = {isa = PBXFileReference; lastKnownFileType = sourcecode.swift; path = "Ext+UIView.swift"; sourceTree = "<group>"; };
		B83C584C2A13CCA40077BAD8 /* SandıkCell.swift */ = {isa = PBXFileReference; lastKnownFileType = sourcecode.swift; path = "SandıkCell.swift"; sourceTree = "<group>"; };
		B83C58512A13CD130077BAD8 /* SandiklarVC.swift */ = {isa = PBXFileReference; lastKnownFileType = sourcecode.swift; path = SandiklarVC.swift; sourceTree = "<group>"; };
		B83C58532A13CE6F0077BAD8 /* SandikVC.swift */ = {isa = PBXFileReference; lastKnownFileType = sourcecode.swift; path = SandikVC.swift; sourceTree = "<group>"; };
		B83C58552A13EC840077BAD8 /* DenetimVC.swift */ = {isa = PBXFileReference; lastKnownFileType = sourcecode.swift; path = DenetimVC.swift; sourceTree = "<group>"; };
		B83C585E2A142BC10077BAD8 /* DataManager.swift */ = {isa = PBXFileReference; lastKnownFileType = sourcecode.swift; path = DataManager.swift; sourceTree = "<group>"; };
/* End PBXFileReference section */

/* Begin PBXFrameworksBuildPhase section */
		B83C58292A13CBCE0077BAD8 /* Frameworks */ = {
			isa = PBXFrameworksBuildPhase;
			buildActionMask = 2147483647;
			files = (
			);
			runOnlyForDeploymentPostprocessing = 0;
		};
/* End PBXFrameworksBuildPhase section */

/* Begin PBXGroup section */
		B83969E12A16372B00E77ACE /* Utilities */ = {
			isa = PBXGroup;
			children = (
				B83969E22A16373A00E77ACE /* Constants.swift */,
				B83969E62A163D9A00E77ACE /* NavigationAndTabBarHelper.swift */,
			);
			path = Utilities;
			sourceTree = "<group>";
		};
		B83C58232A13CBCE0077BAD8 = {
			isa = PBXGroup;
			children = (
				B83C582E2A13CBCE0077BAD8 /* SelectionApp */,
				B83C582D2A13CBCE0077BAD8 /* Products */,
			);
			sourceTree = "<group>";
		};
		B83C582D2A13CBCE0077BAD8 /* Products */ = {
			isa = PBXGroup;
			children = (
				B83C582C2A13CBCE0077BAD8 /* 28Mayıs.app */,
			);
			name = Products;
			sourceTree = "<group>";
		};
		B83C582E2A13CBCE0077BAD8 /* SelectionApp */ = {
			isa = PBXGroup;
			children = (
				B83969E12A16372B00E77ACE /* Utilities */,
				B83C58592A142B490077BAD8 /* Extensions */,
				B83C585C2A142B700077BAD8 /* Resources */,
				B83C585B2A142B650077BAD8 /* Managers */,
				B83C585A2A142B550077BAD8 /* Models */,
				B83C58582A142B3A0077BAD8 /* CustomViews */,
				B83C58572A142B2C0077BAD8 /* Screens */,
				B83C58402A13CBD00077BAD8 /* Info.plist */,
				B83C58382A13CBCE0077BAD8 /* SelectionApp.xcdatamodeld */,
			);
			path = SelectionApp;
			sourceTree = "<group>";
		};
		B83C58572A142B2C0077BAD8 /* Screens */ = {
			isa = PBXGroup;
			children = (
				B83C58512A13CD130077BAD8 /* SandiklarVC.swift */,
				B83C58532A13CE6F0077BAD8 /* SandikVC.swift */,
				B83C58552A13EC840077BAD8 /* DenetimVC.swift */,
			);
			path = Screens;
			sourceTree = "<group>";
		};
		B83C58582A142B3A0077BAD8 /* CustomViews */ = {
			isa = PBXGroup;
			children = (
				B83C584C2A13CCA40077BAD8 /* SandıkCell.swift */,
			);
			path = CustomViews;
			sourceTree = "<group>";
		};
		B83C58592A142B490077BAD8 /* Extensions */ = {
			isa = PBXGroup;
			children = (
				B83C584A2A13CC850077BAD8 /* Ext+UIView.swift */,
				B83969E42A163C2D00E77ACE /* Ext+UIColor.swift */,
			);
			path = Extensions;
			sourceTree = "<group>";
		};
		B83C585A2A142B550077BAD8 /* Models */ = {
			isa = PBXGroup;
			children = (
				B83C58462A13CC540077BAD8 /* Chest+CoreDataClass.swift */,
				B83C58472A13CC540077BAD8 /* Chest+CoreDataProperties.swift */,
			);
			path = Models;
			sourceTree = "<group>";
		};
		B83C585B2A142B650077BAD8 /* Managers */ = {
			isa = PBXGroup;
			children = (
				B83C585E2A142BC10077BAD8 /* DataManager.swift */,
			);
			path = Managers;
			sourceTree = "<group>";
		};
		B83C585C2A142B700077BAD8 /* Resources */ = {
			isa = PBXGroup;
			children = (
				B83C582F2A13CBCE0077BAD8 /* AppDelegate.swift */,
				B83C58312A13CBCE0077BAD8 /* SceneDelegate.swift */,
				B83C583B2A13CBD00077BAD8 /* Assets.xcassets */,
				B83C583D2A13CBD00077BAD8 /* LaunchScreen.storyboard */,
			);
			path = Resources;
			sourceTree = "<group>";
		};
/* End PBXGroup section */

/* Begin PBXNativeTarget section */
		B83C582B2A13CBCE0077BAD8 /* 28Mayıs */ = {
			isa = PBXNativeTarget;
			buildConfigurationList = B83C58432A13CBD00077BAD8 /* Build configuration list for PBXNativeTarget "28Mayıs" */;
			buildPhases = (
				B83C58282A13CBCE0077BAD8 /* Sources */,
				B83C58292A13CBCE0077BAD8 /* Frameworks */,
				B83C582A2A13CBCE0077BAD8 /* Resources */,
			);
			buildRules = (
			);
			dependencies = (
			);
			name = "28Mayıs";
			productName = SelectionApp;
			productReference = B83C582C2A13CBCE0077BAD8 /* 28Mayıs.app */;
			productType = "com.apple.product-type.application";
		};
/* End PBXNativeTarget section */

/* Begin PBXProject section */
		B83C58242A13CBCE0077BAD8 /* Project object */ = {
			isa = PBXProject;
			attributes = {
				BuildIndependentTargetsInParallel = 1;
				LastSwiftUpdateCheck = 1430;
				LastUpgradeCheck = 1430;
				TargetAttributes = {
					B83C582B2A13CBCE0077BAD8 = {
						CreatedOnToolsVersion = 14.3;
					};
				};
			};
			buildConfigurationList = B83C58272A13CBCE0077BAD8 /* Build configuration list for PBXProject "28Mayıs" */;
			compatibilityVersion = "Xcode 14.0";
			developmentRegion = en;
			hasScannedForEncodings = 0;
			knownRegions = (
				en,
				Base,
			);
			mainGroup = B83C58232A13CBCE0077BAD8;
			productRefGroup = B83C582D2A13CBCE0077BAD8 /* Products */;
			projectDirPath = "";
			projectRoot = "";
			targets = (
				B83C582B2A13CBCE0077BAD8 /* 28Mayıs */,
			);
		};
/* End PBXProject section */

/* Begin PBXResourcesBuildPhase section */
		B83C582A2A13CBCE0077BAD8 /* Resources */ = {
			isa = PBXResourcesBuildPhase;
			buildActionMask = 2147483647;
			files = (
				B83C583F2A13CBD00077BAD8 /* LaunchScreen.storyboard in Resources */,
				B83C583C2A13CBD00077BAD8 /* Assets.xcassets in Resources */,
			);
			runOnlyForDeploymentPostprocessing = 0;
		};
/* End PBXResourcesBuildPhase section */

/* Begin PBXSourcesBuildPhase section */
		B83C58282A13CBCE0077BAD8 /* Sources */ = {
			isa = PBXSourcesBuildPhase;
			buildActionMask = 2147483647;
			files = (
				B83C58542A13CE6F0077BAD8 /* SandikVC.swift in Sources */,
				B83C583A2A13CBCE0077BAD8 /* SelectionApp.xcdatamodeld in Sources */,
				B83C584B2A13CC850077BAD8 /* Ext+UIView.swift in Sources */,
				B83C58562A13EC840077BAD8 /* DenetimVC.swift in Sources */,
				B83C58302A13CBCE0077BAD8 /* AppDelegate.swift in Sources */,
				B83C58322A13CBCE0077BAD8 /* SceneDelegate.swift in Sources */,
				B83C584D2A13CCA40077BAD8 /* SandıkCell.swift in Sources */,
				B83C58522A13CD130077BAD8 /* SandiklarVC.swift in Sources */,
				B83C585F2A142BC10077BAD8 /* DataManager.swift in Sources */,
				B83C58482A13CC540077BAD8 /* Chest+CoreDataClass.swift in Sources */,
				B83C58492A13CC540077BAD8 /* Chest+CoreDataProperties.swift in Sources */,
				B83969E72A163D9A00E77ACE /* NavigationAndTabBarHelper.swift in Sources */,
				B83969E52A163C2D00E77ACE /* Ext+UIColor.swift in Sources */,
				B83969E32A16373A00E77ACE /* Constants.swift in Sources */,
			);
			runOnlyForDeploymentPostprocessing = 0;
		};
/* End PBXSourcesBuildPhase section */

/* Begin PBXVariantGroup section */
		B83C583D2A13CBD00077BAD8 /* LaunchScreen.storyboard */ = {
			isa = PBXVariantGroup;
			children = (
				B83C583E2A13CBD00077BAD8 /* Base */,
			);
			name = LaunchScreen.storyboard;
			sourceTree = "<group>";
		};
/* End PBXVariantGroup section */

/* Begin XCBuildConfiguration section */
		B83C58412A13CBD00077BAD8 /* Debug */ = {
			isa = XCBuildConfiguration;
			buildSettings = {
				ALWAYS_SEARCH_USER_PATHS = NO;
				CLANG_ANALYZER_NONNULL = YES;
				CLANG_ANALYZER_NUMBER_OBJECT_CONVERSION = YES_AGGRESSIVE;
				CLANG_CXX_LANGUAGE_STANDARD = "gnu++20";
				CLANG_ENABLE_MODULES = YES;
				CLANG_ENABLE_OBJC_ARC = YES;
				CLANG_ENABLE_OBJC_WEAK = YES;
				CLANG_WARN_BLOCK_CAPTURE_AUTORELEASING = YES;
				CLANG_WARN_BOOL_CONVERSION = YES;
				CLANG_WARN_COMMA = YES;
				CLANG_WARN_CONSTANT_CONVERSION = YES;
				CLANG_WARN_DEPRECATED_OBJC_IMPLEMENTATIONS = YES;
				CLANG_WARN_DIRECT_OBJC_ISA_USAGE = YES_ERROR;
				CLANG_WARN_DOCUMENTATION_COMMENTS = YES;
				CLANG_WARN_EMPTY_BODY = YES;
				CLANG_WARN_ENUM_CONVERSION = YES;
				CLANG_WARN_INFINITE_RECURSION = YES;
				CLANG_WARN_INT_CONVERSION = YES;
				CLANG_WARN_NON_LITERAL_NULL_CONVERSION = YES;
				CLANG_WARN_OBJC_IMPLICIT_RETAIN_SELF = YES;
				CLANG_WARN_OBJC_LITERAL_CONVERSION = YES;
				CLANG_WARN_OBJC_ROOT_CLASS = YES_ERROR;
				CLANG_WARN_QUOTED_INCLUDE_IN_FRAMEWORK_HEADER = YES;
				CLANG_WARN_RANGE_LOOP_ANALYSIS = YES;
				CLANG_WARN_STRICT_PROTOTYPES = YES;
				CLANG_WARN_SUSPICIOUS_MOVE = YES;
				CLANG_WARN_UNGUARDED_AVAILABILITY = YES_AGGRESSIVE;
				CLANG_WARN_UNREACHABLE_CODE = YES;
				CLANG_WARN__DUPLICATE_METHOD_MATCH = YES;
				COPY_PHASE_STRIP = NO;
				DEBUG_INFORMATION_FORMAT = dwarf;
				ENABLE_STRICT_OBJC_MSGSEND = YES;
				ENABLE_TESTABILITY = YES;
				GCC_C_LANGUAGE_STANDARD = gnu11;
				GCC_DYNAMIC_NO_PIC = NO;
				GCC_NO_COMMON_BLOCKS = YES;
				GCC_OPTIMIZATION_LEVEL = 0;
				GCC_PREPROCESSOR_DEFINITIONS = (
					"DEBUG=1",
					"$(inherited)",
				);
				GCC_WARN_64_TO_32_BIT_CONVERSION = YES;
				GCC_WARN_ABOUT_RETURN_TYPE = YES_ERROR;
				GCC_WARN_UNDECLARED_SELECTOR = YES;
				GCC_WARN_UNINITIALIZED_AUTOS = YES_AGGRESSIVE;
				GCC_WARN_UNUSED_FUNCTION = YES;
				GCC_WARN_UNUSED_VARIABLE = YES;
				IPHONEOS_DEPLOYMENT_TARGET = 16.4;
				MTL_ENABLE_DEBUG_INFO = INCLUDE_SOURCE;
				MTL_FAST_MATH = YES;
				ONLY_ACTIVE_ARCH = YES;
				SDKROOT = iphoneos;
				SWIFT_ACTIVE_COMPILATION_CONDITIONS = DEBUG;
				SWIFT_OPTIMIZATION_LEVEL = "-Onone";
			};
			name = Debug;
		};
		B83C58422A13CBD00077BAD8 /* Release */ = {
			isa = XCBuildConfiguration;
			buildSettings = {
				ALWAYS_SEARCH_USER_PATHS = NO;
				CLANG_ANALYZER_NONNULL = YES;
				CLANG_ANALYZER_NUMBER_OBJECT_CONVERSION = YES_AGGRESSIVE;
				CLANG_CXX_LANGUAGE_STANDARD = "gnu++20";
				CLANG_ENABLE_MODULES = YES;
				CLANG_ENABLE_OBJC_ARC = YES;
				CLANG_ENABLE_OBJC_WEAK = YES;
				CLANG_WARN_BLOCK_CAPTURE_AUTORELEASING = YES;
				CLANG_WARN_BOOL_CONVERSION = YES;
				CLANG_WARN_COMMA = YES;
				CLANG_WARN_CONSTANT_CONVERSION = YES;
				CLANG_WARN_DEPRECATED_OBJC_IMPLEMENTATIONS = YES;
				CLANG_WARN_DIRECT_OBJC_ISA_USAGE = YES_ERROR;
				CLANG_WARN_DOCUMENTATION_COMMENTS = YES;
				CLANG_WARN_EMPTY_BODY = YES;
				CLANG_WARN_ENUM_CONVERSION = YES;
				CLANG_WARN_INFINITE_RECURSION = YES;
				CLANG_WARN_INT_CONVERSION = YES;
				CLANG_WARN_NON_LITERAL_NULL_CONVERSION = YES;
				CLANG_WARN_OBJC_IMPLICIT_RETAIN_SELF = YES;
				CLANG_WARN_OBJC_LITERAL_CONVERSION = YES;
				CLANG_WARN_OBJC_ROOT_CLASS = YES_ERROR;
				CLANG_WARN_QUOTED_INCLUDE_IN_FRAMEWORK_HEADER = YES;
				CLANG_WARN_RANGE_LOOP_ANALYSIS = YES;
				CLANG_WARN_STRICT_PROTOTYPES = YES;
				CLANG_WARN_SUSPICIOUS_MOVE = YES;
				CLANG_WARN_UNGUARDED_AVAILABILITY = YES_AGGRESSIVE;
				CLANG_WARN_UNREACHABLE_CODE = YES;
				CLANG_WARN__DUPLICATE_METHOD_MATCH = YES;
				COPY_PHASE_STRIP = NO;
				DEBUG_INFORMATION_FORMAT = "dwarf-with-dsym";
				ENABLE_NS_ASSERTIONS = NO;
				ENABLE_STRICT_OBJC_MSGSEND = YES;
				GCC_C_LANGUAGE_STANDARD = gnu11;
				GCC_NO_COMMON_BLOCKS = YES;
				GCC_WARN_64_TO_32_BIT_CONVERSION = YES;
				GCC_WARN_ABOUT_RETURN_TYPE = YES_ERROR;
				GCC_WARN_UNDECLARED_SELECTOR = YES;
				GCC_WARN_UNINITIALIZED_AUTOS = YES_AGGRESSIVE;
				GCC_WARN_UNUSED_FUNCTION = YES;
				GCC_WARN_UNUSED_VARIABLE = YES;
				IPHONEOS_DEPLOYMENT_TARGET = 16.4;
				MTL_ENABLE_DEBUG_INFO = NO;
				MTL_FAST_MATH = YES;
				SDKROOT = iphoneos;
				SWIFT_COMPILATION_MODE = wholemodule;
				SWIFT_OPTIMIZATION_LEVEL = "-O";
				VALIDATE_PRODUCT = YES;
			};
			name = Release;
		};
		B83C58442A13CBD00077BAD8 /* Debug */ = {
			isa = XCBuildConfiguration;
			buildSettings = {
				ASSETCATALOG_COMPILER_APPICON_NAME = AppIcon;
				ASSETCATALOG_COMPILER_GLOBAL_ACCENT_COLOR_NAME = AccentColor;
				CODE_SIGN_STYLE = Automatic;
				CURRENT_PROJECT_VERSION = 1;
				DEVELOPMENT_TEAM = 5CV2BM6V4T;
				GENERATE_INFOPLIST_FILE = YES;
				INFOPLIST_FILE = SelectionApp/Info.plist;
				INFOPLIST_KEY_UIApplicationSupportsIndirectInputEvents = YES;
				INFOPLIST_KEY_UILaunchStoryboardName = LaunchScreen;
				INFOPLIST_KEY_UIRequiresFullScreen = YES;
				INFOPLIST_KEY_UISupportedInterfaceOrientations = UIInterfaceOrientationPortrait;
				IPHONEOS_DEPLOYMENT_TARGET = 15.0;
				LD_RUNPATH_SEARCH_PATHS = (
					"$(inherited)",
					"@executable_path/Frameworks",
				);
				MARKETING_VERSION = 1.0;
				PRODUCT_BUNDLE_IDENTIFIER = "emobabo.28May-s";
				PRODUCT_NAME = "$(TARGET_NAME)";
				SUPPORTED_PLATFORMS = "iphoneos iphonesimulator";
				SUPPORTS_MACCATALYST = NO;
				SUPPORTS_MAC_DESIGNED_FOR_IPHONE_IPAD = NO;
				SWIFT_EMIT_LOC_STRINGS = YES;
				SWIFT_VERSION = 5.0;
				TARGETED_DEVICE_FAMILY = "1,2";
			};
			name = Debug;
		};
		B83C58452A13CBD00077BAD8 /* Release */ = {
			isa = XCBuildConfiguration;
			buildSettings = {
				ASSETCATALOG_COMPILER_APPICON_NAME = AppIcon;
				ASSETCATALOG_COMPILER_GLOBAL_ACCENT_COLOR_NAME = AccentColor;
				CODE_SIGN_STYLE = Automatic;
				CURRENT_PROJECT_VERSION = 1;
				DEVELOPMENT_TEAM = 5CV2BM6V4T;
				GENERATE_INFOPLIST_FILE = YES;
				INFOPLIST_FILE = SelectionApp/Info.plist;
				INFOPLIST_KEY_UIApplicationSupportsIndirectInputEvents = YES;
				INFOPLIST_KEY_UILaunchStoryboardName = LaunchScreen;
				INFOPLIST_KEY_UIRequiresFullScreen = YES;
				INFOPLIST_KEY_UISupportedInterfaceOrientations = UIInterfaceOrientationPortrait;
				IPHONEOS_DEPLOYMENT_TARGET = 15.0;
				LD_RUNPATH_SEARCH_PATHS = (
					"$(inherited)",
					"@executable_path/Frameworks",
				);
				MARKETING_VERSION = 1.0;
				PRODUCT_BUNDLE_IDENTIFIER = "emobabo.28May-s";
				PRODUCT_NAME = "$(TARGET_NAME)";
				SUPPORTED_PLATFORMS = "iphoneos iphonesimulator";
				SUPPORTS_MACCATALYST = NO;
				SUPPORTS_MAC_DESIGNED_FOR_IPHONE_IPAD = NO;
				SWIFT_EMIT_LOC_STRINGS = YES;
				SWIFT_VERSION = 5.0;
				TARGETED_DEVICE_FAMILY = "1,2";
			};
			name = Release;
		};
/* End XCBuildConfiguration section */

/* Begin XCConfigurationList section */
		B83C58272A13CBCE0077BAD8 /* Build configuration list for PBXProject "28Mayıs" */ = {
			isa = XCConfigurationList;
			buildConfigurations = (
				B83C58412A13CBD00077BAD8 /* Debug */,
				B83C58422A13CBD00077BAD8 /* Release */,
			);
			defaultConfigurationIsVisible = 0;
			defaultConfigurationName = Release;
		};
		B83C58432A13CBD00077BAD8 /* Build configuration list for PBXNativeTarget "28Mayıs" */ = {
			isa = XCConfigurationList;
			buildConfigurations = (
				B83C58442A13CBD00077BAD8 /* Debug */,
				B83C58452A13CBD00077BAD8 /* Release */,
			);
			defaultConfigurationIsVisible = 0;
			defaultConfigurationName = Release;
		};
/* End XCConfigurationList section */

/* Begin XCVersionGroup section */
		B83C58382A13CBCE0077BAD8 /* SelectionApp.xcdatamodeld */ = {
			isa = XCVersionGroup;
			children = (
				B83C58392A13CBCE0077BAD8 /* SelectionApp.xcdatamodel */,
			);
			currentVersion = B83C58392A13CBCE0077BAD8 /* SelectionApp.xcdatamodel */;
			path = SelectionApp.xcdatamodeld;
			sourceTree = "<group>";
			versionGroupType = wrapper.xcdatamodel;
		};
/* End XCVersionGroup section */
	};
	rootObject = B83C58242A13CBCE0077BAD8 /* Project object */;
}
